
Microsoft Visual Studio Solution File, Format Version 12.00
# Visual Studio Version 16
VisualStudioVersion = 16.0.29609.76
MinimumVisualStudioVersion = 10.0.40219.1
Project("{FAE04EC0-301F-11D3-BF4B-00C04F79EFBC}") = "DddTwitter", "DddTwitter\DddTwitter.csproj", "{3714FB98-4E63-4629-BF40-BE0377BC2E32}"
EndProject
Global
	GlobalSection(SolutionConfigurationPlatforms) = preSolution
		Debug|Any CPU = Debug|Any CPU
		Release|Any CPU = Release|Any CPU
	EndGlobalSection
	GlobalSection(ProjectConfigurationPlatforms) = postSolution
		{3714FB98-4E63-4629-BF40-BE0377BC2E32}.Debug|Any CPU.ActiveCfg = Debug|Any CPU
		{3714FB98-4E63-4629-BF40-BE0377BC2E32}.Debug|Any CPU.Build.0 = Debug|Any CPU
		{3714FB98-4E63-4629-BF40-BE0377BC2E32}.Release|Any CPU.ActiveCfg = Release|Any CPU
		{3714FB98-4E63-4629-BF40-BE0377BC2E32}.Release|Any CPU.Build.0 = Release|Any CPU
	EndGlobalSection
	GlobalSection(SolutionProperties) = preSolution
		HideSolutionNode = FALSE
	EndGlobalSection
	GlobalSection(ExtensibilityGlobals) = postSolution
		SolutionGuid = {197E0FF5-AF16-40D7-9FDE-47FC4C332E4A}
	EndGlobalSection
EndGlobal
